# This file is autogenerated, do not edit; changes may be undone by the next 'dep ensure'.


[[projects]]
  branch = "master"
  digest = "1:fb6b11d3a5922955a041a4f6650e138f32297005cda1bebad3b0abbd38e1a4ea"
  name = "github.com/helmiruza/senangpay-go"
  packages = ["models"]
  pruneopts = "UT"
  revision = "97d5f8c6f12f7c21b05eb079bfe2f699f689cb45"

[solve-meta]
  analyzer-name = "dep"
  analyzer-version = 1
  input-imports = ["github.com/helmiruza/senangpay-go/models"]
  solver-name = "gps-cdcl"
  solver-version = 1
